
Microsoft Visual Studio Solution File, Format Version 12.00
# Visual Studio Version 16
VisualStudioVersion = 16.0.33927.289
MinimumVisualStudioVersion = 10.0.40219.1
Project("{2150E333-8FDC-42A3-9474-1A3956D46DE8}") = "Task0", "Task0", "{9CCB38BA-A1D5-43ED-862E-E80D9D409A86}"
EndProject
Project("{FAE04EC0-301F-11D3-BF4B-00C04F79EFBC}") = "Tyuiu.TolmachevVV.Sprint6.Task0.V18.Lib", "Tyuiu.TolmachevVV.Sprint6.Task0.V18.Lib\Tyuiu.TolmachevVV.Sprint6.Task0.V18.Lib.csproj", "{70EE1160-F38C-4A4E-A706-79CD8B668A18}"
EndProject
Project("{FAE04EC0-301F-11D3-BF4B-00C04F79EFBC}") = "Tyuiu.TolmachevVV.Sprint6.Task0.V18.Test", "Tyuiu.TolmachevVV.Sprint6.Task0.V18.Test\Tyuiu.TolmachevVV.Sprint6.Task0.V18.Test.csproj", "{45FF1389-D05F-49BC-AF27-789973BBED69}"
EndProject
Project("{FAE04EC0-301F-11D3-BF4B-00C04F79EFBC}") = "Tyuiu.TolmachevVV.Sprint6.Task0.V18", "Tyuiu.TolmachevVV.Sprint6.Task0.V18\Tyuiu.TolmachevVV.Sprint6.Task0.V18.csproj", "{6A714E15-831B-45F0-90F9-B82F73A60451}"
EndProject
Project("{2150E333-8FDC-42A3-9474-1A3956D46DE8}") = "Task1", "Task1", "{CA566BA9-3284-4079-B2DD-2D1B00A17C75}"
EndProject
Project("{FAE04EC0-301F-11D3-BF4B-00C04F79EFBC}") = "Tyuiu.TolmachevVV.Sprint6.Task1.V25", "Tyuiu.TolmachevVV.Sprint6.Task1.V25\Tyuiu.TolmachevVV.Sprint6.Task1.V25.csproj", "{CFC90A24-C2D9-47ED-90C3-95E4B13663ED}"
EndProject
Project("{FAE04EC0-301F-11D3-BF4B-00C04F79EFBC}") = "Tyuiu.TolmachevVV.Sprint6.Task1.V25.Lib", "Tyuiu.TolmachevVV.Sprint6.Task1.V25.Lib\Tyuiu.TolmachevVV.Sprint6.Task1.V25.Lib.csproj", "{3D8D3059-1FA8-4A24-88AC-6387991E1F60}"
EndProject
Project("{FAE04EC0-301F-11D3-BF4B-00C04F79EFBC}") = "Tyuiu.TolmachevVV.Sprint6.Task1.V25.Test", "Tyuiu.TolmachevVV.Sprint6.Task1.V25.Test\Tyuiu.TolmachevVV.Sprint6.Task1.V25.Test.csproj", "{199B7D3A-2977-468B-BF48-C49451E17402}"
EndProject
Project("{2150E333-8FDC-42A3-9474-1A3956D46DE8}") = "Task2", "Task2", "{C6C58D90-FAA1-4C6D-9E9D-D8F15F384CED}"
EndProject
Project("{FAE04EC0-301F-11D3-BF4B-00C04F79EFBC}") = "Tyuiu.TolmachevVV.Sprint6.Task2.V25", "Tyuiu.TolmachevVV.Sprint6.Task2.V25\Tyuiu.TolmachevVV.Sprint6.Task2.V25.csproj", "{FDE50F96-6F13-4701-A211-5BCA23070915}"
EndProject
Project("{FAE04EC0-301F-11D3-BF4B-00C04F79EFBC}") = "Tyuiu.TolmachevVV.Sprint6.Task2.V25.Lib", "Tyuiu.TolmachevVV.Sprint6.Task2.V25.Lib\Tyuiu.TolmachevVV.Sprint6.Task2.V25.Lib.csproj", "{D34181DD-B37C-4023-9F0F-D5CF79C1BE19}"
EndProject
Project("{FAE04EC0-301F-11D3-BF4B-00C04F79EFBC}") = "Tyuiu.TolmachevVV.Sprint6.Task2.V25.Test", "Tyuiu.TolmachevVV.Sprint6.Task2.V25.Test\Tyuiu.TolmachevVV.Sprint6.Task2.V25.Test.csproj", "{3C8673B0-9BEC-4369-8C8E-A40B85C3C83D}"
EndProject
Project("{2150E333-8FDC-42A3-9474-1A3956D46DE8}") = "Task3", "Task3", "{EAA1F3E0-1F66-4349-A2D5-D551BB80C030}"
EndProject
Project("{FAE04EC0-301F-11D3-BF4B-00C04F79EFBC}") = "Tyuiu.TolmachevVV.Sprint6.Task3.V20", "Tyuiu.TolmachevVV.Sprint6.Task3.V20\Tyuiu.TolmachevVV.Sprint6.Task3.V20.csproj", "{16E8ED67-873A-412D-B933-FA1D4B1A68AA}"
EndProject
Project("{FAE04EC0-301F-11D3-BF4B-00C04F79EFBC}") = "Tyuiu.TolmachevVV.Sprint6.Task3.V20.Lib", "Tyuiu.TolmachevVV.Sprint6.Task3.V20.Lib\Tyuiu.TolmachevVV.Sprint6.Task3.V20.Lib.csproj", "{B7AF2477-07EE-45B6-BB54-C71834239F84}"
EndProject
Project("{FAE04EC0-301F-11D3-BF4B-00C04F79EFBC}") = "Tyuiu.TolmachevVV.Sprint6.Task3.V20.Test", "Tyuiu.TolmachevVV.Sprint6.Task3.V20.Test\Tyuiu.TolmachevVV.Sprint6.Task3.V20.Test.csproj", "{A9A6372A-1D7A-4872-A22D-403C6CDA25F5}"
EndProject
Project("{2150E333-8FDC-42A3-9474-1A3956D46DE8}") = "Task4", "Task4", "{13F3C8FB-E65B-4589-9019-F155DB5C6887}"
EndProject
Project("{FAE04EC0-301F-11D3-BF4B-00C04F79EFBC}") = "Tyuiu.TolmachevVV.Sprint6.Task4.V6", "Tyuiu.TolmachevVV.Sprint6.Task4.V6\Tyuiu.TolmachevVV.Sprint6.Task4.V6.csproj", "{D8DEF1C9-AB39-4B5F-9DD6-F8CF82F08371}"
EndProject
Project("{FAE04EC0-301F-11D3-BF4B-00C04F79EFBC}") = "Tyuiu.TolmachevVV.Sprint6.Task4.V6.Test", "Tyuiu.TolmachevVV.Sprint6.Task4.V6.Test\Tyuiu.TolmachevVV.Sprint6.Task4.V6.Test.csproj", "{4205F776-676C-424E-AFA4-E80EDF2DB4DC}"
EndProject
Project("{FAE04EC0-301F-11D3-BF4B-00C04F79EFBC}") = "Tyuiu.TolmachevVV.Sprint6.Task4.V6.Lib", "Tyuiu.TolmachevVV.Sprint6.Task4.V6.Lib\Tyuiu.TolmachevVV.Sprint6.Task4.V6.Lib.csproj", "{A805CEBA-94B8-4862-84F6-1E73053AB29D}"
EndProject
Project("{2150E333-8FDC-42A3-9474-1A3956D46DE8}") = "Task5", "Task5", "{5792C257-0FD2-447D-B39B-3F666CC0222B}"
EndProject
Project("{FAE04EC0-301F-11D3-BF4B-00C04F79EFBC}") = "Tyuiu.TolmachevVV.Sprint6.Task5.V24", "Tyuiu.TolmachevVV.Sprint6.Task5.V24\Tyuiu.TolmachevVV.Sprint6.Task5.V24.csproj", "{688D1C46-6584-4C97-AB42-EFFDAA6A2E5F}"
EndProject
Project("{FAE04EC0-301F-11D3-BF4B-00C04F79EFBC}") = "Tyuiu.TolmachevVV.Sprint6.Task5.V24.Lib", "Tyuiu.TolmachevVV.Sprint6.Task5.V24.Lib\Tyuiu.TolmachevVV.Sprint6.Task5.V24.Lib.csproj", "{38426DD0-065B-480E-BC50-0A7595C4C342}"
EndProject
Project("{FAE04EC0-301F-11D3-BF4B-00C04F79EFBC}") = "Tyuiu.TolmachevVV.Sprint6.Task5.V24.Test", "Tyuiu.TolmachevVV.Sprint6.Task5.V24.Test\Tyuiu.TolmachevVV.Sprint6.Task5.V24.Test.csproj", "{B76BC69C-EC11-4E48-807B-D66C24CC1B1E}"
EndProject
Project("{2150E333-8FDC-42A3-9474-1A3956D46DE8}") = "Task6", "Task6", "{AB92620B-C46E-4C1F-937D-0765D3B7EC14}"
EndProject
Project("{FAE04EC0-301F-11D3-BF4B-00C04F79EFBC}") = "Tyuiu.TolmachevVV.Sprint6.Task6.V11", "Tyuiu.TolmachevVV.Sprint6.Task6.V11\Tyuiu.TolmachevVV.Sprint6.Task6.V11.csproj", "{D26180D0-1D0C-457C-A236-7018F32491F9}"
EndProject
Project("{FAE04EC0-301F-11D3-BF4B-00C04F79EFBC}") = "Tyuiu.TolmachevVV.Sprint6.Task6.V11.Lib", "Tyuiu.TolmachevVV.Sprint6.Task6.V11.Lib\Tyuiu.TolmachevVV.Sprint6.Task6.V11.Lib.csproj", "{72677C8E-4506-4369-8757-BC98A6868FE6}"
EndProject
Project("{FAE04EC0-301F-11D3-BF4B-00C04F79EFBC}") = "Tyuiu.TolmachevVV.Sprint6.Task6.V11.Test", "Tyuiu.TolmachevVV.Sprint6.Task6.V11.Test\Tyuiu.TolmachevVV.Sprint6.Task6.V11.Test.csproj", "{2B5334A5-520C-4DC6-9F16-481D9B99197E}"
EndProject
Project("{2150E333-8FDC-42A3-9474-1A3956D46DE8}") = "Task7", "Task7", "{C380F00D-1B75-41D2-91EA-8765DF984904}"
EndProject
Project("{FAE04EC0-301F-11D3-BF4B-00C04F79EFBC}") = "Tyuiu.TolmachevVV.Sprint6.Task7.V8", "Tyuiu.TolmachevVV.Sprint6.Task7.V8\Tyuiu.TolmachevVV.Sprint6.Task7.V8.csproj", "{6CA77116-9FF9-449B-9C3D-DFB54A23D845}"
EndProject
Project("{FAE04EC0-301F-11D3-BF4B-00C04F79EFBC}") = "Tyuiu.TolmachevVV.Sprint6.Task7.V8.Lib", "Tyuiu.TolmachevVV.Sprint6.Task7.V8.Lib\Tyuiu.TolmachevVV.Sprint6.Task7.V8.Lib.csproj", "{AFC800B8-6F97-41E0-BCC8-448B75E54E5C}"
EndProject
Project("{FAE04EC0-301F-11D3-BF4B-00C04F79EFBC}") = "Tyuiu.TolmachevVV.Sprint6.Task7.V8.Test", "Tyuiu.TolmachevVV.Sprint6.Task7.V8.Test\Tyuiu.TolmachevVV.Sprint6.Task7.V8.Test.csproj", "{ED747D26-1C33-4CA0-82D3-16452AB72118}"
EndProject
Global
	GlobalSection(SolutionConfigurationPlatforms) = preSolution
		Debug|Any CPU = Debug|Any CPU
		Release|Any CPU = Release|Any CPU
	EndGlobalSection
	GlobalSection(ProjectConfigurationPlatforms) = postSolution
		{70EE1160-F38C-4A4E-A706-79CD8B668A18}.Debug|Any CPU.ActiveCfg = Debug|Any CPU
		{70EE1160-F38C-4A4E-A706-79CD8B668A18}.Debug|Any CPU.Build.0 = Debug|Any CPU
		{70EE1160-F38C-4A4E-A706-79CD8B668A18}.Release|Any CPU.ActiveCfg = Release|Any CPU
		{70EE1160-F38C-4A4E-A706-79CD8B668A18}.Release|Any CPU.Build.0 = Release|Any CPU
		{45FF1389-D05F-49BC-AF27-789973BBED69}.Debug|Any CPU.ActiveCfg = Debug|Any CPU
		{45FF1389-D05F-49BC-AF27-789973BBED69}.Debug|Any CPU.Build.0 = Debug|Any CPU
		{45FF1389-D05F-49BC-AF27-789973BBED69}.Release|Any CPU.ActiveCfg = Release|Any CPU
		{45FF1389-D05F-49BC-AF27-789973BBED69}.Release|Any CPU.Build.0 = Release|Any CPU
		{6A714E15-831B-45F0-90F9-B82F73A60451}.Debug|Any CPU.ActiveCfg = Debug|Any CPU
		{6A714E15-831B-45F0-90F9-B82F73A60451}.Debug|Any CPU.Build.0 = Debug|Any CPU
		{6A714E15-831B-45F0-90F9-B82F73A60451}.Release|Any CPU.ActiveCfg = Release|Any CPU
		{6A714E15-831B-45F0-90F9-B82F73A60451}.Release|Any CPU.Build.0 = Release|Any CPU
		{CFC90A24-C2D9-47ED-90C3-95E4B13663ED}.Debug|Any CPU.ActiveCfg = Debug|Any CPU
		{CFC90A24-C2D9-47ED-90C3-95E4B13663ED}.Debug|Any CPU.Build.0 = Debug|Any CPU
		{CFC90A24-C2D9-47ED-90C3-95E4B13663ED}.Release|Any CPU.ActiveCfg = Release|Any CPU
		{CFC90A24-C2D9-47ED-90C3-95E4B13663ED}.Release|Any CPU.Build.0 = Release|Any CPU
		{3D8D3059-1FA8-4A24-88AC-6387991E1F60}.Debug|Any CPU.ActiveCfg = Debug|Any CPU
		{3D8D3059-1FA8-4A24-88AC-6387991E1F60}.Debug|Any CPU.Build.0 = Debug|Any CPU
		{3D8D3059-1FA8-4A24-88AC-6387991E1F60}.Release|Any CPU.ActiveCfg = Release|Any CPU
		{3D8D3059-1FA8-4A24-88AC-6387991E1F60}.Release|Any CPU.Build.0 = Release|Any CPU
		{199B7D3A-2977-468B-BF48-C49451E17402}.Debug|Any CPU.ActiveCfg = Debug|Any CPU
		{199B7D3A-2977-468B-BF48-C49451E17402}.Debug|Any CPU.Build.0 = Debug|Any CPU
		{199B7D3A-2977-468B-BF48-C49451E17402}.Release|Any CPU.ActiveCfg = Release|Any CPU
		{199B7D3A-2977-468B-BF48-C49451E17402}.Release|Any CPU.Build.0 = Release|Any CPU
		{FDE50F96-6F13-4701-A211-5BCA23070915}.Debug|Any CPU.ActiveCfg = Debug|Any CPU
		{FDE50F96-6F13-4701-A211-5BCA23070915}.Debug|Any CPU.Build.0 = Debug|Any CPU
		{FDE50F96-6F13-4701-A211-5BCA23070915}.Release|Any CPU.ActiveCfg = Release|Any CPU
		{FDE50F96-6F13-4701-A211-5BCA23070915}.Release|Any CPU.Build.0 = Release|Any CPU
		{D34181DD-B37C-4023-9F0F-D5CF79C1BE19}.Debug|Any CPU.ActiveCfg = Debug|Any CPU
		{D34181DD-B37C-4023-9F0F-D5CF79C1BE19}.Debug|Any CPU.Build.0 = Debug|Any CPU
		{D34181DD-B37C-4023-9F0F-D5CF79C1BE19}.Release|Any CPU.ActiveCfg = Release|Any CPU
		{D34181DD-B37C-4023-9F0F-D5CF79C1BE19}.Release|Any CPU.Build.0 = Release|Any CPU
		{3C8673B0-9BEC-4369-8C8E-A40B85C3C83D}.Debug|Any CPU.ActiveCfg = Debug|Any CPU
		{3C8673B0-9BEC-4369-8C8E-A40B85C3C83D}.Debug|Any CPU.Build.0 = Debug|Any CPU
		{3C8673B0-9BEC-4369-8C8E-A40B85C3C83D}.Release|Any CPU.ActiveCfg = Release|Any CPU
		{3C8673B0-9BEC-4369-8C8E-A40B85C3C83D}.Release|Any CPU.Build.0 = Release|Any CPU
		{16E8ED67-873A-412D-B933-FA1D4B1A68AA}.Debug|Any CPU.ActiveCfg = Debug|Any CPU
		{16E8ED67-873A-412D-B933-FA1D4B1A68AA}.Debug|Any CPU.Build.0 = Debug|Any CPU
		{16E8ED67-873A-412D-B933-FA1D4B1A68AA}.Release|Any CPU.ActiveCfg = Release|Any CPU
		{16E8ED67-873A-412D-B933-FA1D4B1A68AA}.Release|Any CPU.Build.0 = Release|Any CPU
		{B7AF2477-07EE-45B6-BB54-C71834239F84}.Debug|Any CPU.ActiveCfg = Debug|Any CPU
		{B7AF2477-07EE-45B6-BB54-C71834239F84}.Debug|Any CPU.Build.0 = Debug|Any CPU
		{B7AF2477-07EE-45B6-BB54-C71834239F84}.Release|Any CPU.ActiveCfg = Release|Any CPU
		{B7AF2477-07EE-45B6-BB54-C71834239F84}.Release|Any CPU.Build.0 = Release|Any CPU
		{A9A6372A-1D7A-4872-A22D-403C6CDA25F5}.Debug|Any CPU.ActiveCfg = Debug|Any CPU
		{A9A6372A-1D7A-4872-A22D-403C6CDA25F5}.Debug|Any CPU.Build.0 = Debug|Any CPU
		{A9A6372A-1D7A-4872-A22D-403C6CDA25F5}.Release|Any CPU.ActiveCfg = Release|Any CPU
		{A9A6372A-1D7A-4872-A22D-403C6CDA25F5}.Release|Any CPU.Build.0 = Release|Any CPU
		{D8DEF1C9-AB39-4B5F-9DD6-F8CF82F08371}.Debug|Any CPU.ActiveCfg = Debug|Any CPU
		{D8DEF1C9-AB39-4B5F-9DD6-F8CF82F08371}.Debug|Any CPU.Build.0 = Debug|Any CPU
		{D8DEF1C9-AB39-4B5F-9DD6-F8CF82F08371}.Release|Any CPU.ActiveCfg = Release|Any CPU
		{D8DEF1C9-AB39-4B5F-9DD6-F8CF82F08371}.Release|Any CPU.Build.0 = Release|Any CPU
		{4205F776-676C-424E-AFA4-E80EDF2DB4DC}.Debug|Any CPU.ActiveCfg = Debug|Any CPU
		{4205F776-676C-424E-AFA4-E80EDF2DB4DC}.Debug|Any CPU.Build.0 = Debug|Any CPU
		{4205F776-676C-424E-AFA4-E80EDF2DB4DC}.Release|Any CPU.ActiveCfg = Release|Any CPU
		{4205F776-676C-424E-AFA4-E80EDF2DB4DC}.Release|Any CPU.Build.0 = Release|Any CPU
		{A805CEBA-94B8-4862-84F6-1E73053AB29D}.Debug|Any CPU.ActiveCfg = Debug|Any CPU
		{A805CEBA-94B8-4862-84F6-1E73053AB29D}.Debug|Any CPU.Build.0 = Debug|Any CPU
		{A805CEBA-94B8-4862-84F6-1E73053AB29D}.Release|Any CPU.ActiveCfg = Release|Any CPU
		{A805CEBA-94B8-4862-84F6-1E73053AB29D}.Release|Any CPU.Build.0 = Release|Any CPU
		{688D1C46-6584-4C97-AB42-EFFDAA6A2E5F}.Debug|Any CPU.ActiveCfg = Debug|Any CPU
		{688D1C46-6584-4C97-AB42-EFFDAA6A2E5F}.Debug|Any CPU.Build.0 = Debug|Any CPU
		{688D1C46-6584-4C97-AB42-EFFDAA6A2E5F}.Release|Any CPU.ActiveCfg = Release|Any CPU
		{688D1C46-6584-4C97-AB42-EFFDAA6A2E5F}.Release|Any CPU.Build.0 = Release|Any CPU
		{38426DD0-065B-480E-BC50-0A7595C4C342}.Debug|Any CPU.ActiveCfg = Debug|Any CPU
		{38426DD0-065B-480E-BC50-0A7595C4C342}.Debug|Any CPU.Build.0 = Debug|Any CPU
		{38426DD0-065B-480E-BC50-0A7595C4C342}.Release|Any CPU.ActiveCfg = Release|Any CPU
		{38426DD0-065B-480E-BC50-0A7595C4C342}.Release|Any CPU.Build.0 = Release|Any CPU
		{B76BC69C-EC11-4E48-807B-D66C24CC1B1E}.Debug|Any CPU.ActiveCfg = Debug|Any CPU
		{B76BC69C-EC11-4E48-807B-D66C24CC1B1E}.Debug|Any CPU.Build.0 = Debug|Any CPU
		{B76BC69C-EC11-4E48-807B-D66C24CC1B1E}.Release|Any CPU.ActiveCfg = Release|Any CPU
		{B76BC69C-EC11-4E48-807B-D66C24CC1B1E}.Release|Any CPU.Build.0 = Release|Any CPU
		{D26180D0-1D0C-457C-A236-7018F32491F9}.Debug|Any CPU.ActiveCfg = Debug|Any CPU
		{D26180D0-1D0C-457C-A236-7018F32491F9}.Debug|Any CPU.Build.0 = Debug|Any CPU
		{D26180D0-1D0C-457C-A236-7018F32491F9}.Release|Any CPU.ActiveCfg = Release|Any CPU
		{D26180D0-1D0C-457C-A236-7018F32491F9}.Release|Any CPU.Build.0 = Release|Any CPU
		{72677C8E-4506-4369-8757-BC98A6868FE6}.Debug|Any CPU.ActiveCfg = Debug|Any CPU
		{72677C8E-4506-4369-8757-BC98A6868FE6}.Debug|Any CPU.Build.0 = Debug|Any CPU
		{72677C8E-4506-4369-8757-BC98A6868FE6}.Release|Any CPU.ActiveCfg = Release|Any CPU
		{72677C8E-4506-4369-8757-BC98A6868FE6}.Release|Any CPU.Build.0 = Release|Any CPU
		{2B5334A5-520C-4DC6-9F16-481D9B99197E}.Debug|Any CPU.ActiveCfg = Debug|Any CPU
		{2B5334A5-520C-4DC6-9F16-481D9B99197E}.Debug|Any CPU.Build.0 = Debug|Any CPU
		{2B5334A5-520C-4DC6-9F16-481D9B99197E}.Release|Any CPU.ActiveCfg = Release|Any CPU
		{2B5334A5-520C-4DC6-9F16-481D9B99197E}.Release|Any CPU.Build.0 = Release|Any CPU
		{6CA77116-9FF9-449B-9C3D-DFB54A23D845}.Debug|Any CPU.ActiveCfg = Debug|Any CPU
		{6CA77116-9FF9-449B-9C3D-DFB54A23D845}.Debug|Any CPU.Build.0 = Debug|Any CPU
		{6CA77116-9FF9-449B-9C3D-DFB54A23D845}.Release|Any CPU.ActiveCfg = Release|Any CPU
		{6CA77116-9FF9-449B-9C3D-DFB54A23D845}.Release|Any CPU.Build.0 = Release|Any CPU
		{AFC800B8-6F97-41E0-BCC8-448B75E54E5C}.Debug|Any CPU.ActiveCfg = Debug|Any CPU
		{AFC800B8-6F97-41E0-BCC8-448B75E54E5C}.Debug|Any CPU.Build.0 = Debug|Any CPU
		{AFC800B8-6F97-41E0-BCC8-448B75E54E5C}.Release|Any CPU.ActiveCfg = Release|Any CPU
		{AFC800B8-6F97-41E0-BCC8-448B75E54E5C}.Release|Any CPU.Build.0 = Release|Any CPU
		{ED747D26-1C33-4CA0-82D3-16452AB72118}.Debug|Any CPU.ActiveCfg = Debug|Any CPU
		{ED747D26-1C33-4CA0-82D3-16452AB72118}.Debug|Any CPU.Build.0 = Debug|Any CPU
		{ED747D26-1C33-4CA0-82D3-16452AB72118}.Release|Any CPU.ActiveCfg = Release|Any CPU
		{ED747D26-1C33-4CA0-82D3-16452AB72118}.Release|Any CPU.Build.0 = Release|Any CPU
	EndGlobalSection
	GlobalSection(SolutionProperties) = preSolution
		HideSolutionNode = FALSE
	EndGlobalSection
	GlobalSection(NestedProjects) = preSolution
		{70EE1160-F38C-4A4E-A706-79CD8B668A18} = {9CCB38BA-A1D5-43ED-862E-E80D9D409A86}
		{45FF1389-D05F-49BC-AF27-789973BBED69} = {9CCB38BA-A1D5-43ED-862E-E80D9D409A86}
		{6A714E15-831B-45F0-90F9-B82F73A60451} = {9CCB38BA-A1D5-43ED-862E-E80D9D409A86}
		{CFC90A24-C2D9-47ED-90C3-95E4B13663ED} = {CA566BA9-3284-4079-B2DD-2D1B00A17C75}
		{3D8D3059-1FA8-4A24-88AC-6387991E1F60} = {CA566BA9-3284-4079-B2DD-2D1B00A17C75}
		{199B7D3A-2977-468B-BF48-C49451E17402} = {CA566BA9-3284-4079-B2DD-2D1B00A17C75}
		{FDE50F96-6F13-4701-A211-5BCA23070915} = {C6C58D90-FAA1-4C6D-9E9D-D8F15F384CED}
		{D34181DD-B37C-4023-9F0F-D5CF79C1BE19} = {C6C58D90-FAA1-4C6D-9E9D-D8F15F384CED}
		{3C8673B0-9BEC-4369-8C8E-A40B85C3C83D} = {C6C58D90-FAA1-4C6D-9E9D-D8F15F384CED}
		{16E8ED67-873A-412D-B933-FA1D4B1A68AA} = {EAA1F3E0-1F66-4349-A2D5-D551BB80C030}
		{B7AF2477-07EE-45B6-BB54-C71834239F84} = {EAA1F3E0-1F66-4349-A2D5-D551BB80C030}
		{A9A6372A-1D7A-4872-A22D-403C6CDA25F5} = {EAA1F3E0-1F66-4349-A2D5-D551BB80C030}
		{D8DEF1C9-AB39-4B5F-9DD6-F8CF82F08371} = {13F3C8FB-E65B-4589-9019-F155DB5C6887}
		{4205F776-676C-424E-AFA4-E80EDF2DB4DC} = {13F3C8FB-E65B-4589-9019-F155DB5C6887}
		{A805CEBA-94B8-4862-84F6-1E73053AB29D} = {13F3C8FB-E65B-4589-9019-F155DB5C6887}
		{688D1C46-6584-4C97-AB42-EFFDAA6A2E5F} = {5792C257-0FD2-447D-B39B-3F666CC0222B}
		{38426DD0-065B-480E-BC50-0A7595C4C342} = {5792C257-0FD2-447D-B39B-3F666CC0222B}
		{B76BC69C-EC11-4E48-807B-D66C24CC1B1E} = {5792C257-0FD2-447D-B39B-3F666CC0222B}
		{D26180D0-1D0C-457C-A236-7018F32491F9} = {AB92620B-C46E-4C1F-937D-0765D3B7EC14}
		{72677C8E-4506-4369-8757-BC98A6868FE6} = {AB92620B-C46E-4C1F-937D-0765D3B7EC14}
		{2B5334A5-520C-4DC6-9F16-481D9B99197E} = {AB92620B-C46E-4C1F-937D-0765D3B7EC14}
		{6CA77116-9FF9-449B-9C3D-DFB54A23D845} = {C380F00D-1B75-41D2-91EA-8765DF984904}
		{AFC800B8-6F97-41E0-BCC8-448B75E54E5C} = {C380F00D-1B75-41D2-91EA-8765DF984904}
		{ED747D26-1C33-4CA0-82D3-16452AB72118} = {C380F00D-1B75-41D2-91EA-8765DF984904}
	EndGlobalSection
	GlobalSection(ExtensibilityGlobals) = postSolution
		SolutionGuid = {317038EA-31BB-4DC7-A62B-A40B16ABCFE5}
	EndGlobalSection
EndGlobal
